
Microsoft Visual Studio Solution File, Format Version 12.00
# Visual Studio Version 17
VisualStudioVersion = 17.4.33110.190
MinimumVisualStudioVersion = 10.0.40219.1
Project("{9A19103F-16F7-4668-BE54-9A1E7A4F7556}") = "Notification.NotifierLibrary", "Notification.NotifierLibrary\Notification.NotifierLibrary.csproj", "{1A064DB9-DB10-4B0E-B733-32AAC5F00C69}"
EndProject
Project("{9A19103F-16F7-4668-BE54-9A1E7A4F7556}") = "Notification.NotificationServer", "Notification.NotificationServer\Notification.NotificationServer.csproj", "{104A94BF-7EE8-4061-97F4-B50AC15C53CC}"
EndProject
Project("{9A19103F-16F7-4668-BE54-9A1E7A4F7556}") = "ConsoleApp", "Tests\ConsoleApp2\ConsoleApp.csproj", "{F64ED0DF-37A3-4CB1-8D7F-CEE5D8797ABE}"
EndProject
Project("{9A19103F-16F7-4668-BE54-9A1E7A4F7556}") = "ClassLibrary1", "Tests\ClassLibrary1\ClassLibrary1.csproj", "{81A4C52C-6404-42B4-B315-EB803E5A963E}"
EndProject
Project("{9A19103F-16F7-4668-BE54-9A1E7A4F7556}") = "ConsoleApp3", "Tests\ConsoleApp3\ConsoleApp3.csproj", "{010B636D-ED4C-46A4-8327-A5DC9CAF47AB}"
EndProject
Project("{9A19103F-16F7-4668-BE54-9A1E7A4F7556}") = "ConsoleApp4", "Tests\ConsoleApp4\ConsoleApp4.csproj", "{79F09866-59FA-4A79-8D7D-AF5DE6DFCFCE}"
EndProject
Project("{9A19103F-16F7-4668-BE54-9A1E7A4F7556}") = "Notification.NotificationServer.Backplane", "Notification.NotificationServer.Backplane\Notification.NotificationServer.Backplane.csproj", "{366A9C3B-6236-49B6-94FE-D4A215E46DB2}"
EndProject
Project("{9A19103F-16F7-4668-BE54-9A1E7A4F7556}") = "Notification.NotificationServer.RabbitMqBackplane", "Notification.NotificationServer.RabbitMqBackplane\Notification.NotificationServer.RabbitMqBackplane.csproj", "{34212B03-0324-49A4-9A24-B71642A4145F}"
EndProject
Project("{2150E333-8FDC-42A3-9474-1A3956D46DE8}") = "Tests", "Tests", "{039186A5-7BA0-4AEF-9C11-04CAC26F758B}"
EndProject
Global
	GlobalSection(SolutionConfigurationPlatforms) = preSolution
		Debug|Any CPU = Debug|Any CPU
		Release|Any CPU = Release|Any CPU
	EndGlobalSection
	GlobalSection(ProjectConfigurationPlatforms) = postSolution
		{1A064DB9-DB10-4B0E-B733-32AAC5F00C69}.Debug|Any CPU.ActiveCfg = Debug|Any CPU
		{1A064DB9-DB10-4B0E-B733-32AAC5F00C69}.Debug|Any CPU.Build.0 = Debug|Any CPU
		{1A064DB9-DB10-4B0E-B733-32AAC5F00C69}.Release|Any CPU.ActiveCfg = Release|Any CPU
		{1A064DB9-DB10-4B0E-B733-32AAC5F00C69}.Release|Any CPU.Build.0 = Release|Any CPU
		{104A94BF-7EE8-4061-97F4-B50AC15C53CC}.Debug|Any CPU.ActiveCfg = Debug|Any CPU
		{104A94BF-7EE8-4061-97F4-B50AC15C53CC}.Debug|Any CPU.Build.0 = Debug|Any CPU
		{104A94BF-7EE8-4061-97F4-B50AC15C53CC}.Release|Any CPU.ActiveCfg = Release|Any CPU
		{104A94BF-7EE8-4061-97F4-B50AC15C53CC}.Release|Any CPU.Build.0 = Release|Any CPU
		{F64ED0DF-37A3-4CB1-8D7F-CEE5D8797ABE}.Debug|Any CPU.ActiveCfg = Debug|Any CPU
		{F64ED0DF-37A3-4CB1-8D7F-CEE5D8797ABE}.Debug|Any CPU.Build.0 = Debug|Any CPU
		{F64ED0DF-37A3-4CB1-8D7F-CEE5D8797ABE}.Release|Any CPU.ActiveCfg = Release|Any CPU
		{F64ED0DF-37A3-4CB1-8D7F-CEE5D8797ABE}.Release|Any CPU.Build.0 = Release|Any CPU
		{81A4C52C-6404-42B4-B315-EB803E5A963E}.Debug|Any CPU.ActiveCfg = Debug|Any CPU
		{81A4C52C-6404-42B4-B315-EB803E5A963E}.Debug|Any CPU.Build.0 = Debug|Any CPU
		{81A4C52C-6404-42B4-B315-EB803E5A963E}.Release|Any CPU.ActiveCfg = Release|Any CPU
		{81A4C52C-6404-42B4-B315-EB803E5A963E}.Release|Any CPU.Build.0 = Release|Any CPU
		{010B636D-ED4C-46A4-8327-A5DC9CAF47AB}.Debug|Any CPU.ActiveCfg = Debug|Any CPU
		{010B636D-ED4C-46A4-8327-A5DC9CAF47AB}.Debug|Any CPU.Build.0 = Debug|Any CPU
		{010B636D-ED4C-46A4-8327-A5DC9CAF47AB}.Release|Any CPU.ActiveCfg = Release|Any CPU
		{010B636D-ED4C-46A4-8327-A5DC9CAF47AB}.Release|Any CPU.Build.0 = Release|Any CPU
		{79F09866-59FA-4A79-8D7D-AF5DE6DFCFCE}.Debug|Any CPU.ActiveCfg = Debug|Any CPU
		{79F09866-59FA-4A79-8D7D-AF5DE6DFCFCE}.Debug|Any CPU.Build.0 = Debug|Any CPU
		{79F09866-59FA-4A79-8D7D-AF5DE6DFCFCE}.Release|Any CPU.ActiveCfg = Release|Any CPU
		{79F09866-59FA-4A79-8D7D-AF5DE6DFCFCE}.Release|Any CPU.Build.0 = Release|Any CPU
		{366A9C3B-6236-49B6-94FE-D4A215E46DB2}.Debug|Any CPU.ActiveCfg = Debug|Any CPU
		{366A9C3B-6236-49B6-94FE-D4A215E46DB2}.Debug|Any CPU.Build.0 = Debug|Any CPU
		{366A9C3B-6236-49B6-94FE-D4A215E46DB2}.Release|Any CPU.ActiveCfg = Release|Any CPU
		{366A9C3B-6236-49B6-94FE-D4A215E46DB2}.Release|Any CPU.Build.0 = Release|Any CPU
		{34212B03-0324-49A4-9A24-B71642A4145F}.Debug|Any CPU.ActiveCfg = Debug|Any CPU
		{34212B03-0324-49A4-9A24-B71642A4145F}.Debug|Any CPU.Build.0 = Debug|Any CPU
		{34212B03-0324-49A4-9A24-B71642A4145F}.Release|Any CPU.ActiveCfg = Release|Any CPU
		{34212B03-0324-49A4-9A24-B71642A4145F}.Release|Any CPU.Build.0 = Release|Any CPU
	EndGlobalSection
	GlobalSection(SolutionProperties) = preSolution
		HideSolutionNode = FALSE
	EndGlobalSection
	GlobalSection(NestedProjects) = preSolution
		{F64ED0DF-37A3-4CB1-8D7F-CEE5D8797ABE} = {039186A5-7BA0-4AEF-9C11-04CAC26F758B}
		{81A4C52C-6404-42B4-B315-EB803E5A963E} = {039186A5-7BA0-4AEF-9C11-04CAC26F758B}
		{010B636D-ED4C-46A4-8327-A5DC9CAF47AB} = {039186A5-7BA0-4AEF-9C11-04CAC26F758B}
		{79F09866-59FA-4A79-8D7D-AF5DE6DFCFCE} = {039186A5-7BA0-4AEF-9C11-04CAC26F758B}
	EndGlobalSection
	GlobalSection(ExtensibilityGlobals) = postSolution
		SolutionGuid = {383CBDCE-FB48-4CC7-8DB5-9C650929F5D3}
	EndGlobalSection
EndGlobal
