
Microsoft Visual Studio Solution File, Format Version 12.00
# Visual Studio Version 17
VisualStudioVersion = 17.4.33110.190
MinimumVisualStudioVersion = 10.0.40219.1
Project("{FAE04EC0-301F-11D3-BF4B-00C04F79EFBC}") = "SignalClassLibrary", "SignalClassLibrary\SignalClassLibrary.csproj", "{1A064DB9-DB10-4B0E-B733-32AAC5F00C69}"
EndProject
Project("{FAE04EC0-301F-11D3-BF4B-00C04F79EFBC}") = "SignalrServer", "SignalrServer\SignalrServer.csproj", "{104A94BF-7EE8-4061-97F4-B50AC15C53CC}"
EndProject
Project("{FAE04EC0-301F-11D3-BF4B-00C04F79EFBC}") = "ConsoleAppClient", "ConsoleApp1\ConsoleAppClient.csproj", "{678DAEDC-BE4B-4DD6-A404-97C0514925F2}"
EndProject
Project("{FAE04EC0-301F-11D3-BF4B-00C04F79EFBC}") = "ConsoleAppServer", "ConsoleApp2\ConsoleAppServer.csproj", "{F64ED0DF-37A3-4CB1-8D7F-CEE5D8797ABE}"
EndProject
Project("{FAE04EC0-301F-11D3-BF4B-00C04F79EFBC}") = "ClassLibrary1", "ClassLibrary1\ClassLibrary1.csproj", "{81A4C52C-6404-42B4-B315-EB803E5A963E}"
EndProject
Global
	GlobalSection(SolutionConfigurationPlatforms) = preSolution
		Debug|Any CPU = Debug|Any CPU
		Release|Any CPU = Release|Any CPU
	EndGlobalSection
	GlobalSection(ProjectConfigurationPlatforms) = postSolution
		{1A064DB9-DB10-4B0E-B733-32AAC5F00C69}.Debug|Any CPU.ActiveCfg = Debug|Any CPU
		{1A064DB9-DB10-4B0E-B733-32AAC5F00C69}.Debug|Any CPU.Build.0 = Debug|Any CPU
		{1A064DB9-DB10-4B0E-B733-32AAC5F00C69}.Release|Any CPU.ActiveCfg = Release|Any CPU
		{1A064DB9-DB10-4B0E-B733-32AAC5F00C69}.Release|Any CPU.Build.0 = Release|Any CPU
		{104A94BF-7EE8-4061-97F4-B50AC15C53CC}.Debug|Any CPU.ActiveCfg = Debug|Any CPU
		{104A94BF-7EE8-4061-97F4-B50AC15C53CC}.Debug|Any CPU.Build.0 = Debug|Any CPU
		{104A94BF-7EE8-4061-97F4-B50AC15C53CC}.Release|Any CPU.ActiveCfg = Release|Any CPU
		{104A94BF-7EE8-4061-97F4-B50AC15C53CC}.Release|Any CPU.Build.0 = Release|Any CPU
		{678DAEDC-BE4B-4DD6-A404-97C0514925F2}.Debug|Any CPU.ActiveCfg = Debug|Any CPU
		{678DAEDC-BE4B-4DD6-A404-97C0514925F2}.Debug|Any CPU.Build.0 = Debug|Any CPU
		{678DAEDC-BE4B-4DD6-A404-97C0514925F2}.Release|Any CPU.ActiveCfg = Release|Any CPU
		{678DAEDC-BE4B-4DD6-A404-97C0514925F2}.Release|Any CPU.Build.0 = Release|Any CPU
		{F64ED0DF-37A3-4CB1-8D7F-CEE5D8797ABE}.Debug|Any CPU.ActiveCfg = Debug|Any CPU
		{F64ED0DF-37A3-4CB1-8D7F-CEE5D8797ABE}.Debug|Any CPU.Build.0 = Debug|Any CPU
		{F64ED0DF-37A3-4CB1-8D7F-CEE5D8797ABE}.Release|Any CPU.ActiveCfg = Release|Any CPU
		{F64ED0DF-37A3-4CB1-8D7F-CEE5D8797ABE}.Release|Any CPU.Build.0 = Release|Any CPU
		{81A4C52C-6404-42B4-B315-EB803E5A963E}.Debug|Any CPU.ActiveCfg = Debug|Any CPU
		{81A4C52C-6404-42B4-B315-EB803E5A963E}.Debug|Any CPU.Build.0 = Debug|Any CPU
		{81A4C52C-6404-42B4-B315-EB803E5A963E}.Release|Any CPU.ActiveCfg = Release|Any CPU
		{81A4C52C-6404-42B4-B315-EB803E5A963E}.Release|Any CPU.Build.0 = Release|Any CPU
	EndGlobalSection
	GlobalSection(SolutionProperties) = preSolution
		HideSolutionNode = FALSE
	EndGlobalSection
	GlobalSection(ExtensibilityGlobals) = postSolution
		SolutionGuid = {383CBDCE-FB48-4CC7-8DB5-9C650929F5D3}
	EndGlobalSection
EndGlobal
